{
  "name": "ts-timespan",
  "version": "0.4.0",
  "lockfileVersion": 2,
  "requires": true,
  "packages": {
    "": {
      "name": "ts-timespan",
      "version": "0.4.0",
      "license": "ISC",
      "devDependencies": {
        "@types/jasmine": "^2.8.9",
        "jasmine": "^3.2.0",
        "jasmine-console-reporter": "^3.1.0",
        "ts-node": "^7.0.1",
        "typescript": "^3.1.1"
      }
    },
    "node_modules/@types/jasmine": {
      "version": "2.8.9",
      "dev": true,
      "license": "MIT"
    },
    "node_modules/ansi-regex": {
      "version": "3.0.1",
      "resolved": "https://registry.npmjs.org/ansi-regex/-/ansi-regex-3.0.1.tgz",
      "integrity": "sha512-+O9Jct8wf++lXxxFc4hc8LsjaSq0HFzzL7cVsw8pRDIPdjKD2mT4ytDZlLuSBZ4cLKZFXIrMGO7DbQCtMJJMKw==",
      "dev": true,
      "engines": {
        "node": ">=4"
      }
    },
    "node_modules/ansi-styles": {
      "version": "3.2.1",
      "dev": true,
      "license": "MIT",
      "dependencies": {
        "color-convert": "^1.9.0"
      },
      "engines": {
        "node": ">=4"
      }
    },
    "node_modules/arrify": {
      "version": "1.0.1",
      "dev": true,
      "license": "MIT",
      "engines": {
        "node": ">=0.10.0"
      }
    },
    "node_modules/balanced-match": {
      "version": "1.0.0",
      "dev": true,
      "license": "MIT"
    },
    "node_modules/brace-expansion": {
      "version": "1.1.11",
      "dev": true,
      "license": "MIT",
      "dependencies": {
        "balanced-match": "^1.0.0",
        "concat-map": "0.0.1"
      }
    },
    "node_modules/buffer-from": {
      "version": "1.1.1",
      "dev": true,
      "license": "MIT"
    },
    "node_modules/chalk": {
      "version": "2.4.1",
      "dev": true,
      "license": "MIT",
      "dependencies": {
        "ansi-styles": "^3.2.1",
        "escape-string-regexp": "^1.0.5",
        "supports-color": "^5.3.0"
      },
      "engines": {
        "node": ">=4"
      }
    },
    "node_modules/ci-info": {
      "version": "1.6.0",
      "dev": true,
      "license": "MIT"
    },
    "node_modules/cli-cursor": {
      "version": "2.1.0",
      "dev": true,
      "license": "MIT",
      "dependencies": {
        "restore-cursor": "^2.0.0"
      },
      "engines": {
        "node": ">=4"
      }
    },
    "node_modules/cli-spinners": {
      "version": "1.3.1",
      "dev": true,
      "license": "MIT",
      "engines": {
        "node": ">=4"
      }
    },
    "node_modules/clone": {
      "version": "1.0.4",
      "dev": true,
      "license": "MIT",
      "engines": {
        "node": ">=0.8"
      }
    },
    "node_modules/color-convert": {
      "version": "1.9.3",
      "dev": true,
      "license": "MIT",
      "dependencies": {
        "color-name": "1.1.3"
      }
    },
    "node_modules/color-name": {
      "version": "1.1.3",
      "dev": true,
      "license": "MIT"
    },
    "node_modules/concat-map": {
      "version": "0.0.1",
      "dev": true,
      "license": "MIT"
    },
    "node_modules/defaults": {
      "version": "1.0.3",
      "dev": true,
      "license": "MIT",
      "dependencies": {
        "clone": "^1.0.2"
      }
    },
    "node_modules/diff": {
      "version": "3.5.0",
      "dev": true,
      "license": "BSD-3-Clause",
      "engines": {
        "node": ">=0.3.1"
      }
    },
    "node_modules/escape-string-regexp": {
      "version": "1.0.5",
      "dev": true,
      "license": "MIT",
      "engines": {
        "node": ">=0.8.0"
      }
    },
    "node_modules/fs.realpath": {
      "version": "1.0.0",
      "dev": true,
      "license": "ISC"
    },
    "node_modules/glob": {
      "version": "7.1.3",
      "dev": true,
      "license": "ISC",
      "dependencies": {
        "fs.realpath": "^1.0.0",
        "inflight": "^1.0.4",
        "inherits": "2",
        "minimatch": "^3.0.4",
        "once": "^1.3.0",
        "path-is-absolute": "^1.0.0"
      },
      "engines": {
        "node": "*"
      }
    },
    "node_modules/has-flag": {
      "version": "3.0.0",
      "dev": true,
      "license": "MIT",
      "engines": {
        "node": ">=4"
      }
    },
    "node_modules/inflight": {
      "version": "1.0.6",
      "dev": true,
      "license": "ISC",
      "dependencies": {
        "once": "^1.3.0",
        "wrappy": "1"
      }
    },
    "node_modules/inherits": {
      "version": "2.0.3",
      "dev": true,
      "license": "ISC"
    },
    "node_modules/jasmine": {
      "version": "3.2.0",
      "dev": true,
      "license": "MIT",
      "dependencies": {
        "glob": "^7.0.6",
        "jasmine-core": "~3.2.0"
      },
      "bin": {
        "jasmine": "bin/jasmine.js"
      }
    },
    "node_modules/jasmine-console-reporter": {
      "version": "3.1.0",
      "dev": true,
      "license": "MIT",
      "dependencies": {
        "ansi-styles": "^3.2.1",
        "chalk": "^2.4.1",
        "ci-info": "^1.4.0",
        "node-emoji": "^1.8.1",
        "ora": "^3.0.0",
        "perfy": "^1.1.5"
      },
      "engines": {
        "node": ">=6"
      },
      "peerDependencies": {
        "jasmine": ">=3.0.0"
      }
    },
    "node_modules/jasmine-core": {
      "version": "3.2.1",
      "dev": true,
      "license": "MIT"
    },
    "node_modules/lodash.toarray": {
      "version": "4.4.0",
      "dev": true,
      "license": "MIT"
    },
    "node_modules/log-symbols": {
      "version": "2.2.0",
      "dev": true,
      "license": "MIT",
      "dependencies": {
        "chalk": "^2.0.1"
      },
      "engines": {
        "node": ">=4"
      }
    },
    "node_modules/make-error": {
      "version": "1.3.5",
      "dev": true,
      "license": "ISC"
    },
    "node_modules/mimic-fn": {
      "version": "1.2.0",
      "dev": true,
      "license": "MIT",
      "engines": {
        "node": ">=4"
      }
    },
    "node_modules/minimatch": {
      "version": "3.0.4",
      "dev": true,
      "license": "ISC",
      "dependencies": {
        "brace-expansion": "^1.1.7"
      },
      "engines": {
        "node": "*"
      }
    },
    "node_modules/minimist": {
      "version": "1.2.0",
      "dev": true,
      "license": "MIT"
    },
    "node_modules/mkdirp": {
      "version": "0.5.1",
      "dev": true,
      "license": "MIT",
      "dependencies": {
        "minimist": "0.0.8"
      },
      "bin": {
        "mkdirp": "bin/cmd.js"
      }
    },
    "node_modules/mkdirp/node_modules/minimist": {
      "version": "0.0.8",
      "dev": true,
      "license": "MIT"
    },
    "node_modules/node-emoji": {
      "version": "1.8.1",
      "dev": true,
      "license": "MIT",
      "dependencies": {
        "lodash.toarray": "^4.4.0"
      }
    },
    "node_modules/once": {
      "version": "1.4.0",
      "dev": true,
      "license": "ISC",
      "dependencies": {
        "wrappy": "1"
      }
    },
    "node_modules/onetime": {
      "version": "2.0.1",
      "dev": true,
      "license": "MIT",
      "dependencies": {
        "mimic-fn": "^1.0.0"
      },
      "engines": {
        "node": ">=4"
      }
    },
    "node_modules/ora": {
      "version": "3.0.0",
      "dev": true,
      "license": "MIT",
      "dependencies": {
        "chalk": "^2.3.1",
        "cli-cursor": "^2.1.0",
        "cli-spinners": "^1.1.0",
        "log-symbols": "^2.2.0",
        "strip-ansi": "^4.0.0",
        "wcwidth": "^1.0.1"
      },
      "engines": {
        "node": ">=6"
      }
    },
    "node_modules/path-is-absolute": {
      "version": "1.0.1",
      "dev": true,
      "license": "MIT",
      "engines": {
        "node": ">=0.10.0"
      }
    },
    "node_modules/perfy": {
      "version": "1.1.5",
      "dev": true,
      "license": "MIT"
    },
    "node_modules/restore-cursor": {
      "version": "2.0.0",
      "dev": true,
      "license": "MIT",
      "dependencies": {
        "onetime": "^2.0.0",
        "signal-exit": "^3.0.2"
      },
      "engines": {
        "node": ">=4"
      }
    },
    "node_modules/signal-exit": {
      "version": "3.0.2",
      "dev": true,
      "license": "ISC"
    },
    "node_modules/source-map": {
      "version": "0.6.1",
      "dev": true,
      "license": "BSD-3-Clause",
      "engines": {
        "node": ">=0.10.0"
      }
    },
    "node_modules/source-map-support": {
      "version": "0.5.9",
      "dev": true,
      "license": "MIT",
      "dependencies": {
        "buffer-from": "^1.0.0",
        "source-map": "^0.6.0"
      }
    },
    "node_modules/strip-ansi": {
      "version": "4.0.0",
      "dev": true,
      "license": "MIT",
      "dependencies": {
        "ansi-regex": "^3.0.0"
      },
      "engines": {
        "node": ">=4"
      }
    },
    "node_modules/supports-color": {
      "version": "5.5.0",
      "dev": true,
      "license": "MIT",
      "dependencies": {
        "has-flag": "^3.0.0"
      },
      "engines": {
        "node": ">=4"
      }
    },
    "node_modules/ts-node": {
      "version": "7.0.1",
      "dev": true,
      "license": "MIT",
      "dependencies": {
        "arrify": "^1.0.0",
        "buffer-from": "^1.1.0",
        "diff": "^3.1.0",
        "make-error": "^1.1.1",
        "minimist": "^1.2.0",
        "mkdirp": "^0.5.1",
        "source-map-support": "^0.5.6",
        "yn": "^2.0.0"
      },
      "bin": {
        "ts-node": "dist/bin.js"
      },
      "engines": {
        "node": ">=4.2.0"
      }
    },
    "node_modules/typescript": {
      "version": "3.1.1",
      "dev": true,
      "license": "Apache-2.0",
      "bin": {
        "tsc": "bin/tsc",
        "tsserver": "bin/tsserver"
      },
      "engines": {
        "node": ">=4.2.0"
      }
    },
    "node_modules/wcwidth": {
      "version": "1.0.1",
      "dev": true,
      "license": "MIT",
      "dependencies": {
        "defaults": "^1.0.3"
      }
    },
    "node_modules/wrappy": {
      "version": "1.0.2",
      "dev": true,
      "license": "ISC"
    },
    "node_modules/yn": {
      "version": "2.0.0",
      "dev": true,
      "license": "MIT",
      "engines": {
        "node": ">=4"
      }
    }
  },
  "dependencies": {
    "@types/jasmine": {
      "version": "2.8.9",
      "dev": true
    },
    "ansi-regex": {
      "version": "3.0.1",
      "resolved": "https://registry.npmjs.org/ansi-regex/-/ansi-regex-3.0.1.tgz",
      "integrity": "sha512-+O9Jct8wf++lXxxFc4hc8LsjaSq0HFzzL7cVsw8pRDIPdjKD2mT4ytDZlLuSBZ4cLKZFXIrMGO7DbQCtMJJMKw==",
      "dev": true
    },
    "ansi-styles": {
      "version": "3.2.1",
      "dev": true,
      "requires": {
        "color-convert": "^1.9.0"
      }
    },
    "arrify": {
      "version": "1.0.1",
      "dev": true
    },
    "balanced-match": {
      "version": "1.0.0",
      "dev": true
    },
    "brace-expansion": {
      "version": "1.1.11",
      "dev": true,
      "requires": {
        "balanced-match": "^1.0.0",
        "concat-map": "0.0.1"
      }
    },
    "buffer-from": {
      "version": "1.1.1",
      "dev": true
    },
    "chalk": {
      "version": "2.4.1",
      "dev": true,
      "requires": {
        "ansi-styles": "^3.2.1",
        "escape-string-regexp": "^1.0.5",
        "supports-color": "^5.3.0"
      }
    },
    "ci-info": {
      "version": "1.6.0",
      "dev": true
    },
    "cli-cursor": {
      "version": "2.1.0",
      "dev": true,
      "requires": {
        "restore-cursor": "^2.0.0"
      }
    },
    "cli-spinners": {
      "version": "1.3.1",
      "dev": true
    },
    "clone": {
      "version": "1.0.4",
      "dev": true
    },
    "color-convert": {
      "version": "1.9.3",
      "dev": true,
      "requires": {
        "color-name": "1.1.3"
      }
    },
    "color-name": {
      "version": "1.1.3",
      "dev": true
    },
    "concat-map": {
      "version": "0.0.1",
      "dev": true
    },
    "defaults": {
      "version": "1.0.3",
      "dev": true,
      "requires": {
        "clone": "^1.0.2"
      }
    },
    "diff": {
      "version": "3.5.0",
      "dev": true
    },
    "escape-string-regexp": {
      "version": "1.0.5",
      "dev": true
    },
    "fs.realpath": {
      "version": "1.0.0",
      "dev": true
    },
    "glob": {
      "version": "7.1.3",
      "dev": true,
      "requires": {
        "fs.realpath": "^1.0.0",
        "inflight": "^1.0.4",
        "inherits": "2",
        "minimatch": "^3.0.4",
        "once": "^1.3.0",
        "path-is-absolute": "^1.0.0"
      }
    },
    "has-flag": {
      "version": "3.0.0",
      "dev": true
    },
    "inflight": {
      "version": "1.0.6",
      "dev": true,
      "requires": {
        "once": "^1.3.0",
        "wrappy": "1"
      }
    },
    "inherits": {
      "version": "2.0.3",
      "dev": true
    },
    "jasmine": {
      "version": "3.2.0",
      "dev": true,
      "requires": {
        "glob": "^7.0.6",
        "jasmine-core": "~3.2.0"
      }
    },
    "jasmine-console-reporter": {
      "version": "3.1.0",
      "dev": true,
      "requires": {
        "ansi-styles": "^3.2.1",
        "chalk": "^2.4.1",
        "ci-info": "^1.4.0",
        "node-emoji": "^1.8.1",
        "ora": "^3.0.0",
        "perfy": "^1.1.5"
      }
    },
    "jasmine-core": {
      "version": "3.2.1",
      "dev": true
    },
    "lodash.toarray": {
      "version": "4.4.0",
      "dev": true
    },
    "log-symbols": {
      "version": "2.2.0",
      "dev": true,
      "requires": {
        "chalk": "^2.0.1"
      }
    },
    "make-error": {
      "version": "1.3.5",
      "dev": true
    },
    "mimic-fn": {
      "version": "1.2.0",
      "dev": true
    },
    "minimatch": {
      "version": "3.0.4",
      "dev": true,
      "requires": {
        "brace-expansion": "^1.1.7"
      }
    },
    "minimist": {
      "version": "1.2.0",
      "dev": true
    },
    "mkdirp": {
      "version": "0.5.1",
      "dev": true,
      "requires": {
        "minimist": "0.0.8"
      },
      "dependencies": {
        "minimist": {
          "version": "0.0.8",
          "dev": true
        }
      }
    },
    "node-emoji": {
      "version": "1.8.1",
      "dev": true,
      "requires": {
        "lodash.toarray": "^4.4.0"
      }
    },
    "once": {
      "version": "1.4.0",
      "dev": true,
      "requires": {
        "wrappy": "1"
      }
    },
    "onetime": {
      "version": "2.0.1",
      "dev": true,
      "requires": {
        "mimic-fn": "^1.0.0"
      }
    },
    "ora": {
      "version": "3.0.0",
      "dev": true,
      "requires": {
        "chalk": "^2.3.1",
        "cli-cursor": "^2.1.0",
        "cli-spinners": "^1.1.0",
        "log-symbols": "^2.2.0",
        "strip-ansi": "^4.0.0",
        "wcwidth": "^1.0.1"
      }
    },
    "path-is-absolute": {
      "version": "1.0.1",
      "dev": true
    },
    "perfy": {
      "version": "1.1.5",
      "dev": true
    },
    "restore-cursor": {
      "version": "2.0.0",
      "dev": true,
      "requires": {
        "onetime": "^2.0.0",
        "signal-exit": "^3.0.2"
      }
    },
    "signal-exit": {
      "version": "3.0.2",
      "dev": true
    },
    "source-map": {
      "version": "0.6.1",
      "dev": true
    },
    "source-map-support": {
      "version": "0.5.9",
      "dev": true,
      "requires": {
        "buffer-from": "^1.0.0",
        "source-map": "^0.6.0"
      }
    },
    "strip-ansi": {
      "version": "4.0.0",
      "dev": true,
      "requires": {
        "ansi-regex": "^3.0.0"
      }
    },
    "supports-color": {
      "version": "5.5.0",
      "dev": true,
      "requires": {
        "has-flag": "^3.0.0"
      }
    },
    "ts-node": {
      "version": "7.0.1",
      "dev": true,
      "requires": {
        "arrify": "^1.0.0",
        "buffer-from": "^1.1.0",
        "diff": "^3.1.0",
        "make-error": "^1.1.1",
        "minimist": "^1.2.0",
        "mkdirp": "^0.5.1",
        "source-map-support": "^0.5.6",
        "yn": "^2.0.0"
      }
    },
    "typescript": {
      "version": "3.1.1",
      "dev": true
    },
    "wcwidth": {
      "version": "1.0.1",
      "dev": true,
      "requires": {
        "defaults": "^1.0.3"
      }
    },
    "wrappy": {
      "version": "1.0.2",
      "dev": true
    },
    "yn": {
      "version": "2.0.0",
      "dev": true
    }
  }
}
